
Microsoft Visual Studio Solution File, Format Version 12.00
Project("{FAE04EC0-301F-11D3-BF4B-00C04F79EFBC}") = "HackatonPOO2", "HackatonPOO2\HackatonPOO2.csproj", "{7BF1512C-C942-4381-A42C-CC142A7ABE65}"
EndProject
Global
	GlobalSection(SolutionConfigurationPlatforms) = preSolution
		Debug|Any CPU = Debug|Any CPU
		Release|Any CPU = Release|Any CPU
	EndGlobalSection
	GlobalSection(ProjectConfigurationPlatforms) = postSolution
		{7BF1512C-C942-4381-A42C-CC142A7ABE65}.Debug|Any CPU.ActiveCfg = Debug|Any CPU
		{7BF1512C-C942-4381-A42C-CC142A7ABE65}.Debug|Any CPU.Build.0 = Debug|Any CPU
		{7BF1512C-C942-4381-A42C-CC142A7ABE65}.Release|Any CPU.ActiveCfg = Release|Any CPU
		{7BF1512C-C942-4381-A42C-CC142A7ABE65}.Release|Any CPU.Build.0 = Release|Any CPU
	EndGlobalSection
EndGlobal
